// !$*UTF8*$!
{
	archiveVersion = 1;
	classes = {
	};
	objectVersion = 46;
	objects = {

/* Begin PBXBuildFile section */
		03ECB1417C477BE3944531DA /* Pods_ParseChat.framework in Frameworks */ = {isa = PBXBuildFile; fileRef = 98D8E5D127F528BE614488DD /* Pods_ParseChat.framework */; };
		461A59601E5FB023008990E5 /* AppDelegate.swift in Sources */ = {isa = PBXBuildFile; fileRef = 461A595F1E5FB023008990E5 /* AppDelegate.swift */; };
		461A59651E5FB023008990E5 /* Main.storyboard in Resources */ = {isa = PBXBuildFile; fileRef = 461A59631E5FB023008990E5 /* Main.storyboard */; };
		461A59681E5FB023008990E5 /* ParseChat.xcdatamodeld in Sources */ = {isa = PBXBuildFile; fileRef = 461A59661E5FB023008990E5 /* ParseChat.xcdatamodeld */; };
		461A596A1E5FB023008990E5 /* Assets.xcassets in Resources */ = {isa = PBXBuildFile; fileRef = 461A59691E5FB023008990E5 /* Assets.xcassets */; };
		461A596D1E5FB023008990E5 /* LaunchScreen.storyboard in Resources */ = {isa = PBXBuildFile; fileRef = 461A596B1E5FB023008990E5 /* LaunchScreen.storyboard */; };
		461A59761E5FB143008990E5 /* ChatViewController.swift in Sources */ = {isa = PBXBuildFile; fileRef = 461A59751E5FB143008990E5 /* ChatViewController.swift */; };
		461A59781E5FB339008990E5 /* LoginViewController.swift in Sources */ = {isa = PBXBuildFile; fileRef = 461A59771E5FB339008990E5 /* LoginViewController.swift */; };
/* End PBXBuildFile section */

/* Begin PBXFileReference section */
		461A595C1E5FB023008990E5 /* ParseChat.app */ = {isa = PBXFileReference; explicitFileType = wrapper.application; includeInIndex = 0; path = ParseChat.app; sourceTree = BUILT_PRODUCTS_DIR; };
		461A595F1E5FB023008990E5 /* AppDelegate.swift */ = {isa = PBXFileReference; lastKnownFileType = sourcecode.swift; path = AppDelegate.swift; sourceTree = "<group>"; };
		461A59641E5FB023008990E5 /* Base */ = {isa = PBXFileReference; lastKnownFileType = file.storyboard; name = Base; path = Base.lproj/Main.storyboard; sourceTree = "<group>"; };
		461A59671E5FB023008990E5 /* ParseChat.xcdatamodel */ = {isa = PBXFileReference; lastKnownFileType = wrapper.xcdatamodel; path = ParseChat.xcdatamodel; sourceTree = "<group>"; };
		461A59691E5FB023008990E5 /* Assets.xcassets */ = {isa = PBXFileReference; lastKnownFileType = folder.assetcatalog; path = Assets.xcassets; sourceTree = "<group>"; };
		461A596C1E5FB023008990E5 /* Base */ = {isa = PBXFileReference; lastKnownFileType = file.storyboard; name = Base; path = Base.lproj/LaunchScreen.storyboard; sourceTree = "<group>"; };
		461A596E1E5FB023008990E5 /* Info.plist */ = {isa = PBXFileReference; lastKnownFileType = text.plist.xml; path = Info.plist; sourceTree = "<group>"; };
		461A59751E5FB143008990E5 /* ChatViewController.swift */ = {isa = PBXFileReference; fileEncoding = 4; lastKnownFileType = sourcecode.swift; path = ChatViewController.swift; sourceTree = "<group>"; };
		461A59771E5FB339008990E5 /* LoginViewController.swift */ = {isa = PBXFileReference; fileEncoding = 4; lastKnownFileType = sourcecode.swift; path = LoginViewController.swift; sourceTree = "<group>"; };
		98D8E5D127F528BE614488DD /* Pods_ParseChat.framework */ = {isa = PBXFileReference; explicitFileType = wrapper.framework; includeInIndex = 0; path = Pods_ParseChat.framework; sourceTree = BUILT_PRODUCTS_DIR; };
		9D3D6F4CAB329203A4FBC961 /* Pods-ParseChat.debug.xcconfig */ = {isa = PBXFileReference; includeInIndex = 1; lastKnownFileType = text.xcconfig; name = "Pods-ParseChat.debug.xcconfig"; path = "Pods/Target Support Files/Pods-ParseChat/Pods-ParseChat.debug.xcconfig"; sourceTree = "<group>"; };
		DA3CD3C4F287C08BB0322136 /* Pods-ParseChat.release.xcconfig */ = {isa = PBXFileReference; includeInIndex = 1; lastKnownFileType = text.xcconfig; name = "Pods-ParseChat.release.xcconfig"; path = "Pods/Target Support Files/Pods-ParseChat/Pods-ParseChat.release.xcconfig"; sourceTree = "<group>"; };
/* End PBXFileReference section */

/* Begin PBXFrameworksBuildPhase section */
		461A59591E5FB023008990E5 /* Frameworks */ = {
			isa = PBXFrameworksBuildPhase;
			buildActionMask = 2147483647;
			files = (
				03ECB1417C477BE3944531DA /* Pods_ParseChat.framework in Frameworks */,
			);
			runOnlyForDeploymentPostprocessing = 0;
		};
/* End PBXFrameworksBuildPhase section */

/* Begin PBXGroup section */
		461A59531E5FB023008990E5 = {
			isa = PBXGroup;
			children = (
				461A595E1E5FB023008990E5 /* ParseChat */,
				461A595D1E5FB023008990E5 /* Products */,
				D3F8E47732816947503CE22F /* Pods */,
				6857096C0F2C8F6E3ED2B095 /* Frameworks */,
			);
			sourceTree = "<group>";
		};
		461A595D1E5FB023008990E5 /* Products */ = {
			isa = PBXGroup;
			children = (
				461A595C1E5FB023008990E5 /* ParseChat.app */,
			);
			name = Products;
			sourceTree = "<group>";
		};
		461A595E1E5FB023008990E5 /* ParseChat */ = {
			isa = PBXGroup;
			children = (
				461A59741E5FB12F008990E5 /* View Controllers */,
				461A595F1E5FB023008990E5 /* AppDelegate.swift */,
				461A59631E5FB023008990E5 /* Main.storyboard */,
				461A59691E5FB023008990E5 /* Assets.xcassets */,
				461A596B1E5FB023008990E5 /* LaunchScreen.storyboard */,
				461A596E1E5FB023008990E5 /* Info.plist */,
				461A59661E5FB023008990E5 /* ParseChat.xcdatamodeld */,
			);
			path = ParseChat;
			sourceTree = "<group>";
		};
		461A59741E5FB12F008990E5 /* View Controllers */ = {
			isa = PBXGroup;
			children = (
				461A59751E5FB143008990E5 /* ChatViewController.swift */,
				461A59771E5FB339008990E5 /* LoginViewController.swift */,
			);
			name = "View Controllers";
			sourceTree = "<group>";
		};
		6857096C0F2C8F6E3ED2B095 /* Frameworks */ = {
			isa = PBXGroup;
			children = (
				98D8E5D127F528BE614488DD /* Pods_ParseChat.framework */,
			);
			name = Frameworks;
			sourceTree = "<group>";
		};
		D3F8E47732816947503CE22F /* Pods */ = {
			isa = PBXGroup;
			children = (
				9D3D6F4CAB329203A4FBC961 /* Pods-ParseChat.debug.xcconfig */,
				DA3CD3C4F287C08BB0322136 /* Pods-ParseChat.release.xcconfig */,
			);
			name = Pods;
			sourceTree = "<group>";
		};
/* End PBXGroup section */

/* Begin PBXNativeTarget section */
		461A595B1E5FB023008990E5 /* ParseChat */ = {
			isa = PBXNativeTarget;
			buildConfigurationList = 461A59711E5FB023008990E5 /* Build configuration list for PBXNativeTarget "ParseChat" */;
			buildPhases = (
				CD1AC242BE89912F79B03050 /* [CP] Check Pods Manifest.lock */,
				461A59581E5FB023008990E5 /* Sources */,
				461A59591E5FB023008990E5 /* Frameworks */,
				461A595A1E5FB023008990E5 /* Resources */,
				E35AC3413D4EB98D0A842D67 /* [CP] Embed Pods Frameworks */,
				528A272C15093D8323475F9A /* [CP] Copy Pods Resources */,
			);
			buildRules = (
			);
			dependencies = (
			);
			name = ParseChat;
			productName = ParseChat;
			productReference = 461A595C1E5FB023008990E5 /* ParseChat.app */;
			productType = "com.apple.product-type.application";
		};
/* End PBXNativeTarget section */

/* Begin PBXProject section */
		461A59541E5FB023008990E5 /* Project object */ = {
			isa = PBXProject;
			attributes = {
				LastSwiftUpdateCheck = 0820;
				LastUpgradeCheck = 0820;
				ORGANIZATIONNAME = "Ryuji Mano";
				TargetAttributes = {
					461A595B1E5FB023008990E5 = {
						CreatedOnToolsVersion = 8.2.1;
						DevelopmentTeam = 8A4H2873BE;
						ProvisioningStyle = Automatic;
					};
				};
			};
			buildConfigurationList = 461A59571E5FB023008990E5 /* Build configuration list for PBXProject "ParseChat" */;
			compatibilityVersion = "Xcode 3.2";
			developmentRegion = English;
			hasScannedForEncodings = 0;
			knownRegions = (
				en,
				Base,
			);
			mainGroup = 461A59531E5FB023008990E5;
			productRefGroup = 461A595D1E5FB023008990E5 /* Products */;
			projectDirPath = "";
			projectRoot = "";
			targets = (
				461A595B1E5FB023008990E5 /* ParseChat */,
			);
		};
/* End PBXProject section */

/* Begin PBXResourcesBuildPhase section */
		461A595A1E5FB023008990E5 /* Resources */ = {
			isa = PBXResourcesBuildPhase;
			buildActionMask = 2147483647;
			files = (
				461A596D1E5FB023008990E5 /* LaunchScreen.storyboard in Resources */,
				461A596A1E5FB023008990E5 /* Assets.xcassets in Resources */,
				461A59651E5FB023008990E5 /* Main.storyboard in Resources */,
			);
			runOnlyForDeploymentPostprocessing = 0;
		};
/* End PBXResourcesBuildPhase section */

/* Begin PBXShellScriptBuildPhase section */
		528A272C15093D8323475F9A /* [CP] Copy Pods Resources */ = {
			isa = PBXShellScriptBuildPhase;
			buildActionMask = 2147483647;
			files = (
			);
			inputPaths = (
			);
			name = "[CP] Copy Pods Resources";
			outputPaths = (
			);
			runOnlyForDeploymentPostprocessing = 0;
			shellPath = /bin/sh;
			shellScript = "\"${SRCROOT}/Pods/Target Support Files/Pods-ParseChat/Pods-ParseChat-resources.sh\"\n";
			showEnvVarsInLog = 0;
		};
		CD1AC242BE89912F79B03050 /* [CP] Check Pods Manifest.lock */ = {
			isa = PBXShellScriptBuildPhase;
			buildActionMask = 2147483647;
			files = (
			);
			inputPaths = (
			);
			name = "[CP] Check Pods Manifest.lock";
			outputPaths = (
			);
			runOnlyForDeploymentPostprocessing = 0;
			shellPath = /bin/sh;
			shellScript = "diff \"${PODS_ROOT}/../Podfile.lock\" \"${PODS_ROOT}/Manifest.lock\" > /dev/null\nif [ $? != 0 ] ; then\n    # print error to STDERR\n    echo \"error: The sandbox is not in sync with the Podfile.lock. Run 'pod install' or update your CocoaPods installation.\" >&2\n    exit 1\nfi\n";
			showEnvVarsInLog = 0;
		};
		E35AC3413D4EB98D0A842D67 /* [CP] Embed Pods Frameworks */ = {
			isa = PBXShellScriptBuildPhase;
			buildActionMask = 2147483647;
			files = (
			);
			inputPaths = (
			);
			name = "[CP] Embed Pods Frameworks";
			outputPaths = (
			);
			runOnlyForDeploymentPostprocessing = 0;
			shellPath = /bin/sh;
			shellScript = "\"${SRCROOT}/Pods/Target Support Files/Pods-ParseChat/Pods-ParseChat-frameworks.sh\"\n";
			showEnvVarsInLog = 0;
		};
/* End PBXShellScriptBuildPhase section */

/* Begin PBXSourcesBuildPhase section */
		461A59581E5FB023008990E5 /* Sources */ = {
			isa = PBXSourcesBuildPhase;
			buildActionMask = 2147483647;
			files = (
				461A59781E5FB339008990E5 /* LoginViewController.swift in Sources */,
				461A59601E5FB023008990E5 /* AppDelegate.swift in Sources */,
				461A59761E5FB143008990E5 /* ChatViewController.swift in Sources */,
				461A59681E5FB023008990E5 /* ParseChat.xcdatamodeld in Sources */,
			);
			runOnlyForDeploymentPostprocessing = 0;
		};
/* End PBXSourcesBuildPhase section */

/* Begin PBXVariantGroup section */
		461A59631E5FB023008990E5 /* Main.storyboard */ = {
			isa = PBXVariantGroup;
			children = (
				461A59641E5FB023008990E5 /* Base */,
			);
			name = Main.storyboard;
			sourceTree = "<group>";
		};
		461A596B1E5FB023008990E5 /* LaunchScreen.storyboard */ = {
			isa = PBXVariantGroup;
			children = (
				461A596C1E5FB023008990E5 /* Base */,
			);
			name = LaunchScreen.storyboard;
			sourceTree = "<group>";
		};
/* End PBXVariantGroup section */

/* Begin XCBuildConfiguration section */
		461A596F1E5FB023008990E5 /* Debug */ = {
			isa = XCBuildConfiguration;
			buildSettings = {
				ALWAYS_SEARCH_USER_PATHS = NO;
				CLANG_ANALYZER_NONNULL = YES;
				CLANG_CXX_LANGUAGE_STANDARD = "gnu++0x";
				CLANG_CXX_LIBRARY = "libc++";
				CLANG_ENABLE_MODULES = YES;
				CLANG_ENABLE_OBJC_ARC = YES;
				CLANG_WARN_BOOL_CONVERSION = YES;
				CLANG_WARN_CONSTANT_CONVERSION = YES;
				CLANG_WARN_DIRECT_OBJC_ISA_USAGE = YES_ERROR;
				CLANG_WARN_DOCUMENTATION_COMMENTS = YES;
				CLANG_WARN_EMPTY_BODY = YES;
				CLANG_WARN_ENUM_CONVERSION = YES;
				CLANG_WARN_INFINITE_RECURSION = YES;
				CLANG_WARN_INT_CONVERSION = YES;
				CLANG_WARN_OBJC_ROOT_CLASS = YES_ERROR;
				CLANG_WARN_SUSPICIOUS_MOVE = YES;
				CLANG_WARN_UNREACHABLE_CODE = YES;
				CLANG_WARN__DUPLICATE_METHOD_MATCH = YES;
				"CODE_SIGN_IDENTITY[sdk=iphoneos*]" = "iPhone Developer";
				COPY_PHASE_STRIP = NO;
				DEBUG_INFORMATION_FORMAT = dwarf;
				ENABLE_STRICT_OBJC_MSGSEND = YES;
				ENABLE_TESTABILITY = YES;
				GCC_C_LANGUAGE_STANDARD = gnu99;
				GCC_DYNAMIC_NO_PIC = NO;
				GCC_NO_COMMON_BLOCKS = YES;
				GCC_OPTIMIZATION_LEVEL = 0;
				GCC_PREPROCESSOR_DEFINITIONS = (
					"DEBUG=1",
					"$(inherited)",
				);
				GCC_WARN_64_TO_32_BIT_CONVERSION = YES;
				GCC_WARN_ABOUT_RETURN_TYPE = YES_ERROR;
				GCC_WARN_UNDECLARED_SELECTOR = YES;
				GCC_WARN_UNINITIALIZED_AUTOS = YES_AGGRESSIVE;
				GCC_WARN_UNUSED_FUNCTION = YES;
				GCC_WARN_UNUSED_VARIABLE = YES;
				IPHONEOS_DEPLOYMENT_TARGET = 10.2;
				MTL_ENABLE_DEBUG_INFO = YES;
				ONLY_ACTIVE_ARCH = YES;
				SDKROOT = iphoneos;
				SWIFT_ACTIVE_COMPILATION_CONDITIONS = DEBUG;
				SWIFT_OPTIMIZATION_LEVEL = "-Onone";
			};
			name = Debug;
		};
		461A59701E5FB023008990E5 /* Release */ = {
			isa = XCBuildConfiguration;
			buildSettings = {
				ALWAYS_SEARCH_USER_PATHS = NO;
				CLANG_ANALYZER_NONNULL = YES;
				CLANG_CXX_LANGUAGE_STANDARD = "gnu++0x";
				CLANG_CXX_LIBRARY = "libc++";
				CLANG_ENABLE_MODULES = YES;
				CLANG_ENABLE_OBJC_ARC = YES;
				CLANG_WARN_BOOL_CONVERSION = YES;
				CLANG_WARN_CONSTANT_CONVERSION = YES;
				CLANG_WARN_DIRECT_OBJC_ISA_USAGE = YES_ERROR;
				CLANG_WARN_DOCUMENTATION_COMMENTS = YES;
				CLANG_WARN_EMPTY_BODY = YES;
				CLANG_WARN_ENUM_CONVERSION = YES;
				CLANG_WARN_INFINITE_RECURSION = YES;
				CLANG_WARN_INT_CONVERSION = YES;
				CLANG_WARN_OBJC_ROOT_CLASS = YES_ERROR;
				CLANG_WARN_SUSPICIOUS_MOVE = YES;
				CLANG_WARN_UNREACHABLE_CODE = YES;
				CLANG_WARN__DUPLICATE_METHOD_MATCH = YES;
				"CODE_SIGN_IDENTITY[sdk=iphoneos*]" = "iPhone Developer";
				COPY_PHASE_STRIP = NO;
				DEBUG_INFORMATION_FORMAT = "dwarf-with-dsym";
				ENABLE_NS_ASSERTIONS = NO;
				ENABLE_STRICT_OBJC_MSGSEND = YES;
				GCC_C_LANGUAGE_STANDARD = gnu99;
				GCC_NO_COMMON_BLOCKS = YES;
				GCC_WARN_64_TO_32_BIT_CONVERSION = YES;
				GCC_WARN_ABOUT_RETURN_TYPE = YES_ERROR;
				GCC_WARN_UNDECLARED_SELECTOR = YES;
				GCC_WARN_UNINITIALIZED_AUTOS = YES_AGGRESSIVE;
				GCC_WARN_UNUSED_FUNCTION = YES;
				GCC_WARN_UNUSED_VARIABLE = YES;
				IPHONEOS_DEPLOYMENT_TARGET = 10.2;
				MTL_ENABLE_DEBUG_INFO = NO;
				SDKROOT = iphoneos;
				SWIFT_OPTIMIZATION_LEVEL = "-Owholemodule";
				VALIDATE_PRODUCT = YES;
			};
			name = Release;
		};
		461A59721E5FB023008990E5 /* Debug */ = {
			isa = XCBuildConfiguration;
			baseConfigurationReference = 9D3D6F4CAB329203A4FBC961 /* Pods-ParseChat.debug.xcconfig */;
			buildSettings = {
				ASSETCATALOG_COMPILER_APPICON_NAME = AppIcon;
				DEVELOPMENT_TEAM = 8A4H2873BE;
				INFOPLIST_FILE = ParseChat/Info.plist;
				LD_RUNPATH_SEARCH_PATHS = "$(inherited) @executable_path/Frameworks";
				PRODUCT_BUNDLE_IDENTIFIER = com.ryujimano.ParseChat;
				PRODUCT_NAME = "$(TARGET_NAME)";
				SWIFT_VERSION = 3.0;
			};
			name = Debug;
		};
		461A59731E5FB023008990E5 /* Release */ = {
			isa = XCBuildConfiguration;
			baseConfigurationReference = DA3CD3C4F287C08BB0322136 /* Pods-ParseChat.release.xcconfig */;
			buildSettings = {
				ASSETCATALOG_COMPILER_APPICON_NAME = AppIcon;
				DEVELOPMENT_TEAM = 8A4H2873BE;
				INFOPLIST_FILE = ParseChat/Info.plist;
				LD_RUNPATH_SEARCH_PATHS = "$(inherited) @executable_path/Frameworks";
				PRODUCT_BUNDLE_IDENTIFIER = com.ryujimano.ParseChat;
				PRODUCT_NAME = "$(TARGET_NAME)";
				SWIFT_VERSION = 3.0;
			};
			name = Release;
		};
/* End XCBuildConfiguration section */

/* Begin XCConfigurationList section */
		461A59571E5FB023008990E5 /* Build configuration list for PBXProject "ParseChat" */ = {
			isa = XCConfigurationList;
			buildConfigurations = (
				461A596F1E5FB023008990E5 /* Debug */,
				461A59701E5FB023008990E5 /* Release */,
			);
			defaultConfigurationIsVisible = 0;
			defaultConfigurationName = Release;
		};
		461A59711E5FB023008990E5 /* Build configuration list for PBXNativeTarget "ParseChat" */ = {
			isa = XCConfigurationList;
			buildConfigurations = (
				461A59721E5FB023008990E5 /* Debug */,
				461A59731E5FB023008990E5 /* Release */,
			);
			defaultConfigurationIsVisible = 0;
			defaultConfigurationName = Release;
		};
/* End XCConfigurationList section */

/* Begin XCVersionGroup section */
		461A59661E5FB023008990E5 /* ParseChat.xcdatamodeld */ = {
			isa = XCVersionGroup;
			children = (
				461A59671E5FB023008990E5 /* ParseChat.xcdatamodel */,
			);
			currentVersion = 461A59671E5FB023008990E5 /* ParseChat.xcdatamodel */;
			path = ParseChat.xcdatamodeld;
			sourceTree = "<group>";
			versionGroupType = wrapper.xcdatamodel;
		};
/* End XCVersionGroup section */
	};
	rootObject = 461A59541E5FB023008990E5 /* Project object */;
}
